
Microsoft Visual Studio Solution File, Format Version 12.00
# Visual Studio Version 17
VisualStudioVersion = 17.5.002.0
MinimumVisualStudioVersion = 10.0.40219.1
Project("{9A19103F-16F7-4668-BE54-9A1E7A4F7556}") = "Calendify.Server", "Calendify.Server\Calendify.Server.csproj", "{CE8D510B-D8AF-4970-9160-101BA0070AE1}"
EndProject
Global
	GlobalSection(SolutionConfigurationPlatforms) = preSolution
		Debug|Any CPU = Debug|Any CPU
		Release|Any CPU = Release|Any CPU
	EndGlobalSection
	GlobalSection(ProjectConfigurationPlatforms) = postSolution
		{CE8D510B-D8AF-4970-9160-101BA0070AE1}.Debug|Any CPU.ActiveCfg = Debug|Any CPU
		{CE8D510B-D8AF-4970-9160-101BA0070AE1}.Debug|Any CPU.Build.0 = Debug|Any CPU
		{CE8D510B-D8AF-4970-9160-101BA0070AE1}.Release|Any CPU.ActiveCfg = Release|Any CPU
		{CE8D510B-D8AF-4970-9160-101BA0070AE1}.Release|Any CPU.Build.0 = Release|Any CPU
	EndGlobalSection
	GlobalSection(SolutionProperties) = preSolution
		HideSolutionNode = FALSE
	EndGlobalSection
	GlobalSection(ExtensibilityGlobals) = postSolution
		SolutionGuid = {C43DCB80-0F35-4B7F-83FC-F37A0EE480D4}
	EndGlobalSection
EndGlobal
